// !$*UTF8*$!
{
	archiveVersion = 1;
	classes = {
	};
	objectVersion = 77;
	objects = {

/* Begin PBXBuildFile section */
		7DBDA43C2FE727B2004177C9 /* WidgetKit.framework in Frameworks */ = {isa = PBXBuildFile; fileRef = 7DBDA43B2FE727B2004177C9 /* WidgetKit.framework */; };
		7DBDA43E2FE727B2004177C9 /* SwiftUI.framework in Frameworks */ = {isa = PBXBuildFile; fileRef = 7DBDA43D2FE727B2004177C9 /* SwiftUI.framework */; };
		7DBDA44F2FE727B4004177C9 /* AssetsRackWidgetExtension.appex in Embed Foundation Extensions */ = {isa = PBXBuildFile; fileRef = 7DBDA4392FE727B2004177C9 /* AssetsRackWidgetExtension.appex */; settings = {ATTRIBUTES = (RemoveHeadersOnCopy, ); }; };
/* End PBXBuildFile section */

/* Begin PBXContainerItemProxy section */
		7D2F870C2FB3D40700EF63A1 /* PBXContainerItemProxy */ = {
			isa = PBXContainerItemProxy;
			containerPortal = 7D2F86F12FB3D40400EF63A1 /* Project object */;
			proxyType = 1;
			remoteGlobalIDString = 7D2F86F82FB3D40400EF63A1;
			remoteInfo = AssetRack;
		};
		7D2F87162FB3D40700EF63A1 /* PBXContainerItemProxy */ = {
			isa = PBXContainerItemProxy;
			containerPortal = 7D2F86F12FB3D40400EF63A1 /* Project object */;
			proxyType = 1;
			remoteGlobalIDString = 7D2F86F82FB3D40400EF63A1;
			remoteInfo = AssetRack;
		};
		7DBDA44D2FE727B4004177C9 /* PBXContainerItemProxy */ = {
			isa = PBXContainerItemProxy;
			containerPortal = 7D2F86F12FB3D40400EF63A1 /* Project object */;
			proxyType = 1;
			remoteGlobalIDString = 7DBDA4382FE727B2004177C9;
			remoteInfo = AssetsRackWidgetExtension;
		};
/* End PBXContainerItemProxy section */

/* Begin PBXCopyFilesBuildPhase section */
		7DBDA4542FE727B4004177C9 /* Embed Foundation Extensions */ = {
			isa = PBXCopyFilesBuildPhase;
			buildActionMask = 2147483647;
			dstPath = "";
			dstSubfolderSpec = 13;
			files = (
				7DBDA44F2FE727B4004177C9 /* AssetsRackWidgetExtension.appex in Embed Foundation Extensions */,
			);
			name = "Embed Foundation Extensions";
			runOnlyForDeploymentPostprocessing = 0;
		};
/* End PBXCopyFilesBuildPhase section */

/* Begin PBXFileReference section */
		7D2F86F92FB3D40400EF63A1 /* AssetRack.app */ = {isa = PBXFileReference; explicitFileType = wrapper.application; includeInIndex = 0; path = AssetRack.app; sourceTree = BUILT_PRODUCTS_DIR; };
		7D2F870B2FB3D40700EF63A1 /* AssetRackTests.xctest */ = {isa = PBXFileReference; explicitFileType = wrapper.cfbundle; includeInIndex = 0; path = AssetRackTests.xctest; sourceTree = BUILT_PRODUCTS_DIR; };
		7D2F87152FB3D40700EF63A1 /* AssetRackUITests.xctest */ = {isa = PBXFileReference; explicitFileType = wrapper.cfbundle; includeInIndex = 0; path = AssetRackUITests.xctest; sourceTree = BUILT_PRODUCTS_DIR; };
		7DBDA4392FE727B2004177C9 /* AssetsRackWidgetExtension.appex */ = {isa = PBXFileReference; explicitFileType = "wrapper.app-extension"; includeInIndex = 0; path = AssetsRackWidgetExtension.appex; sourceTree = BUILT_PRODUCTS_DIR; };
		7DBDA43B2FE727B2004177C9 /* WidgetKit.framework */ = {isa = PBXFileReference; lastKnownFileType = wrapper.framework; name = WidgetKit.framework; path = System/Library/Frameworks/WidgetKit.framework; sourceTree = SDKROOT; };
		7DBDA43D2FE727B2004177C9 /* SwiftUI.framework */ = {isa = PBXFileReference; lastKnownFileType = wrapper.framework; name = SwiftUI.framework; path = System/Library/Frameworks/SwiftUI.framework; sourceTree = SDKROOT; };
		7DBDA4552FE7282E004177C9 /* AssetsRackWidgetExtension.entitlements */ = {isa = PBXFileReference; lastKnownFileType = text.plist.entitlements; path = AssetsRackWidgetExtension.entitlements; sourceTree = "<group>"; };
		D5B3F32E295814CE45C81784 /* AssetRack.entitlements */ = {isa = PBXFileReference; lastKnownFileType = text.plist.entitlements; path = AssetRack.entitlements; sourceTree = "<group>"; };
/* End PBXFileReference section */

/* Begin PBXFileSystemSynchronizedBuildFileExceptionSet section */
		7DBDA4502FE727B4004177C9 /* Exceptions for "AssetsRackWidget" folder in "AssetsRackWidgetExtension" target */ = {
			isa = PBXFileSystemSynchronizedBuildFileExceptionSet;
			membershipExceptions = (
				Info.plist,
			);
			target = 7DBDA4382FE727B2004177C9 /* AssetsRackWidgetExtension */;
		};
		7DBDA5CF2FE74B65004177C9 /* Exceptions for "AssetRack" folder in "AssetRack" target */ = {
			isa = PBXFileSystemSynchronizedBuildFileExceptionSet;
			membershipExceptions = (
				Info.plist,
			);
			target = 7D2F86F82FB3D40400EF63A1 /* AssetRack */;
		};
/* End PBXFileSystemSynchronizedBuildFileExceptionSet section */

/* Begin PBXFileSystemSynchronizedRootGroup section */
		7D2F86FB2FB3D40400EF63A1 /* AssetRack */ = {
			isa = PBXFileSystemSynchronizedRootGroup;
			exceptions = (
				7DBDA5CF2FE74B65004177C9 /* Exceptions for "AssetRack" folder in "AssetRack" target */,
			);
			path = AssetRack;
			sourceTree = "<group>";
		};
		7D2F870E2FB3D40700EF63A1 /* AssetRackTests */ = {
			isa = PBXFileSystemSynchronizedRootGroup;
			path = AssetRackTests;
			sourceTree = "<group>";
		};
		7D2F87182FB3D40700EF63A1 /* AssetRackUITests */ = {
			isa = PBXFileSystemSynchronizedRootGroup;
			path = AssetRackUITests;
			sourceTree = "<group>";
		};
		7DBDA43F2FE727B2004177C9 /* AssetsRackWidget */ = {
			isa = PBXFileSystemSynchronizedRootGroup;
			exceptions = (
				7DBDA4502FE727B4004177C9 /* Exceptions for "AssetsRackWidget" folder in "AssetsRackWidgetExtension" target */,
			);
			path = AssetsRackWidget;
			sourceTree = "<group>";
		};
/* End PBXFileSystemSynchronizedRootGroup section */

/* Begin PBXFrameworksBuildPhase section */
		7D2F86F62FB3D40400EF63A1 /* Frameworks */ = {
			isa = PBXFrameworksBuildPhase;
			buildActionMask = 2147483647;
			files = (
			);
			runOnlyForDeploymentPostprocessing = 0;
		};
		7D2F87082FB3D40700EF63A1 /* Frameworks */ = {
			isa = PBXFrameworksBuildPhase;
			buildActionMask = 2147483647;
			files = (
			);
			runOnlyForDeploymentPostprocessing = 0;
		};
		7D2F87122FB3D40700EF63A1 /* Frameworks */ = {
			isa = PBXFrameworksBuildPhase;
			buildActionMask = 2147483647;
			files = (
			);
			runOnlyForDeploymentPostprocessing = 0;
		};
		7DBDA4362FE727B2004177C9 /* Frameworks */ = {
			isa = PBXFrameworksBuildPhase;
			buildActionMask = 2147483647;
			files = (
				7DBDA43E2FE727B2004177C9 /* SwiftUI.framework in Frameworks */,
				7DBDA43C2FE727B2004177C9 /* WidgetKit.framework in Frameworks */,
			);
			runOnlyForDeploymentPostprocessing = 0;
		};
/* End PBXFrameworksBuildPhase section */

/* Begin PBXGroup section */
		7D2F86F02FB3D40400EF63A1 = {
			isa = PBXGroup;
			children = (
				D5B3F32E295814CE45C81784 /* AssetRack.entitlements */,
				7DBDA4552FE7282E004177C9 /* AssetsRackWidgetExtension.entitlements */,
				7D2F86FB2FB3D40400EF63A1 /* AssetRack */,
				7D2F870E2FB3D40700EF63A1 /* AssetRackTests */,
				7D2F87182FB3D40700EF63A1 /* AssetRackUITests */,
				7DBDA43F2FE727B2004177C9 /* AssetsRackWidget */,
				7DBDA43A2FE727B2004177C9 /* Frameworks */,
				7D2F86FA2FB3D40400EF63A1 /* Products */,
			);
			sourceTree = "<group>";
		};
		7D2F86FA2FB3D40400EF63A1 /* Products */ = {
			isa = PBXGroup;
			children = (
				7D2F86F92FB3D40400EF63A1 /* AssetRack.app */,
				7D2F870B2FB3D40700EF63A1 /* AssetRackTests.xctest */,
				7D2F87152FB3D40700EF63A1 /* AssetRackUITests.xctest */,
				7DBDA4392FE727B2004177C9 /* AssetsRackWidgetExtension.appex */,
			);
			name = Products;
			sourceTree = "<group>";
		};
		7DBDA43A2FE727B2004177C9 /* Frameworks */ = {
			isa = PBXGroup;
			children = (
				7DBDA43B2FE727B2004177C9 /* WidgetKit.framework */,
				7DBDA43D2FE727B2004177C9 /* SwiftUI.framework */,
			);
			name = Frameworks;
			sourceTree = "<group>";
		};
/* End PBXGroup section */

/* Begin PBXNativeTarget section */
		7D2F86F82FB3D40400EF63A1 /* AssetRack */ = {
			isa = PBXNativeTarget;
			buildConfigurationList = 7D2F871F2FB3D40700EF63A1 /* Build configuration list for PBXNativeTarget "AssetRack" */;
			buildPhases = (
				7D2F86F52FB3D40400EF63A1 /* Sources */,
				7D2F86F62FB3D40400EF63A1 /* Frameworks */,
				7D2F86F72FB3D40400EF63A1 /* Resources */,
				7DBDA4542FE727B4004177C9 /* Embed Foundation Extensions */,
			);
			buildRules = (
			);
			dependencies = (
				7DBDA44E2FE727B4004177C9 /* PBXTargetDependency */,
			);
			fileSystemSynchronizedGroups = (
				7D2F86FB2FB3D40400EF63A1 /* AssetRack */,
			);
			name = AssetRack;
			packageProductDependencies = (
			);
			productName = AssetRack;
			productReference = 7D2F86F92FB3D40400EF63A1 /* AssetRack.app */;
			productType = "com.apple.product-type.application";
		};
		7D2F870A2FB3D40700EF63A1 /* AssetRackTests */ = {
			isa = PBXNativeTarget;
			buildConfigurationList = 7D2F87222FB3D40700EF63A1 /* Build configuration list for PBXNativeTarget "AssetRackTests" */;
			buildPhases = (
				7D2F87072FB3D40700EF63A1 /* Sources */,
				7D2F87082FB3D40700EF63A1 /* Frameworks */,
				7D2F87092FB3D40700EF63A1 /* Resources */,
			);
			buildRules = (
			);
			dependencies = (
				7D2F870D2FB3D40700EF63A1 /* PBXTargetDependency */,
			);
			fileSystemSynchronizedGroups = (
				7D2F870E2FB3D40700EF63A1 /* AssetRackTests */,
			);
			name = AssetRackTests;
			packageProductDependencies = (
			);
			productName = AssetRackTests;
			productReference = 7D2F870B2FB3D40700EF63A1 /* AssetRackTests.xctest */;
			productType = "com.apple.product-type.bundle.unit-test";
		};
		7D2F87142FB3D40700EF63A1 /* AssetRackUITests */ = {
			isa = PBXNativeTarget;
			buildConfigurationList = 7D2F87252FB3D40700EF63A1 /* Build configuration list for PBXNativeTarget "AssetRackUITests" */;
			buildPhases = (
				7D2F87112FB3D40700EF63A1 /* Sources */,
				7D2F87122FB3D40700EF63A1 /* Frameworks */,
				7D2F87132FB3D40700EF63A1 /* Resources */,
			);
			buildRules = (
			);
			dependencies = (
				7D2F87172FB3D40700EF63A1 /* PBXTargetDependency */,
			);
			fileSystemSynchronizedGroups = (
				7D2F87182FB3D40700EF63A1 /* AssetRackUITests */,
			);
			name = AssetRackUITests;
			packageProductDependencies = (
			);
			productName = AssetRackUITests;
			productReference = 7D2F87152FB3D40700EF63A1 /* AssetRackUITests.xctest */;
			productType = "com.apple.product-type.bundle.ui-testing";
		};
		7DBDA4382FE727B2004177C9 /* AssetsRackWidgetExtension */ = {
			isa = PBXNativeTarget;
			buildConfigurationList = 7DBDA4512FE727B4004177C9 /* Build configuration list for PBXNativeTarget "AssetsRackWidgetExtension" */;
			buildPhases = (
				7DBDA4352FE727B2004177C9 /* Sources */,
				7DBDA4362FE727B2004177C9 /* Frameworks */,
				7DBDA4372FE727B2004177C9 /* Resources */,
			);
			buildRules = (
			);
			dependencies = (
			);
			fileSystemSynchronizedGroups = (
				7DBDA43F2FE727B2004177C9 /* AssetsRackWidget */,
			);
			name = AssetsRackWidgetExtension;
			packageProductDependencies = (
			);
			productName = AssetsRackWidgetExtension;
			productReference = 7DBDA4392FE727B2004177C9 /* AssetsRackWidgetExtension.appex */;
			productType = "com.apple.product-type.app-extension";
		};
/* End PBXNativeTarget section */

/* Begin PBXProject section */
		7D2F86F12FB3D40400EF63A1 /* Project object */ = {
			isa = PBXProject;
			attributes = {
				BuildIndependentTargetsInParallel = 1;
				LastSwiftUpdateCheck = 1620;
				LastUpgradeCheck = 1620;
				TargetAttributes = {
					7D2F86F82FB3D40400EF63A1 = {
						CreatedOnToolsVersion = 16.2;
					};
					7D2F870A2FB3D40700EF63A1 = {
						CreatedOnToolsVersion = 16.2;
						TestTargetID = 7D2F86F82FB3D40400EF63A1;
					};
					7D2F87142FB3D40700EF63A1 = {
						CreatedOnToolsVersion = 16.2;
						TestTargetID = 7D2F86F82FB3D40400EF63A1;
					};
					7DBDA4382FE727B2004177C9 = {
						CreatedOnToolsVersion = 16.2;
					};
				};
			};
			buildConfigurationList = 7D2F86F42FB3D40400EF63A1 /* Build configuration list for PBXProject "AssetRack" */;
			developmentRegion = en;
			hasScannedForEncodings = 0;
			knownRegions = (
				en,
				Base,
			);
			mainGroup = 7D2F86F02FB3D40400EF63A1;
			minimizedProjectReferenceProxies = 1;
			preferredProjectObjectVersion = 77;
			productRefGroup = 7D2F86FA2FB3D40400EF63A1 /* Products */;
			projectDirPath = "";
			projectRoot = "";
			targets = (
				7D2F86F82FB3D40400EF63A1 /* AssetRack */,
				7D2F870A2FB3D40700EF63A1 /* AssetRackTests */,
				7D2F87142FB3D40700EF63A1 /* AssetRackUITests */,
				7DBDA4382FE727B2004177C9 /* AssetsRackWidgetExtension */,
			);
		};
/* End PBXProject section */

/* Begin PBXResourcesBuildPhase section */
		7D2F86F72FB3D40400EF63A1 /* Resources */ = {
			isa = PBXResourcesBuildPhase;
			buildActionMask = 2147483647;
			files = (
			);
			runOnlyForDeploymentPostprocessing = 0;
		};
		7D2F87092FB3D40700EF63A1 /* Resources */ = {
			isa = PBXResourcesBuildPhase;
			buildActionMask = 2147483647;
			files = (
			);
			runOnlyForDeploymentPostprocessing = 0;
		};
		7D2F87132FB3D40700EF63A1 /* Resources */ = {
			isa = PBXResourcesBuildPhase;
			buildActionMask = 2147483647;
			files = (
			);
			runOnlyForDeploymentPostprocessing = 0;
		};
		7DBDA4372FE727B2004177C9 /* Resources */ = {
			isa = PBXResourcesBuildPhase;
			buildActionMask = 2147483647;
			files = (
			);
			runOnlyForDeploymentPostprocessing = 0;
		};
/* End PBXResourcesBuildPhase section */

/* Begin PBXSourcesBuildPhase section */
		7D2F86F52FB3D40400EF63A1 /* Sources */ = {
			isa = PBXSourcesBuildPhase;
			buildActionMask = 2147483647;
			files = (
			);
			runOnlyForDeploymentPostprocessing = 0;
		};
		7D2F87072FB3D40700EF63A1 /* Sources */ = {
			isa = PBXSourcesBuildPhase;
			buildActionMask = 2147483647;
			files = (
			);
			runOnlyForDeploymentPostprocessing = 0;
		};
		7D2F87112FB3D40700EF63A1 /* Sources */ = {
			isa = PBXSourcesBuildPhase;
			buildActionMask = 2147483647;
			files = (
			);
			runOnlyForDeploymentPostprocessing = 0;
		};
		7DBDA4352FE727B2004177C9 /* Sources */ = {
			isa = PBXSourcesBuildPhase;
			buildActionMask = 2147483647;
			files = (
			);
			runOnlyForDeploymentPostprocessing = 0;
		};
/* End PBXSourcesBuildPhase section */

/* Begin PBXTargetDependency section */
		7D2F870D2FB3D40700EF63A1 /* PBXTargetDependency */ = {
			isa = PBXTargetDependency;
			target = 7D2F86F82FB3D40400EF63A1 /* AssetRack */;
			targetProxy = 7D2F870C2FB3D40700EF63A1 /* PBXContainerItemProxy */;
		};
		7D2F87172FB3D40700EF63A1 /* PBXTargetDependency */ = {
			isa = PBXTargetDependency;
			target = 7D2F86F82FB3D40400EF63A1 /* AssetRack */;
			targetProxy = 7D2F87162FB3D40700EF63A1 /* PBXContainerItemProxy */;
		};
		7DBDA44E2FE727B4004177C9 /* PBXTargetDependency */ = {
			isa = PBXTargetDependency;
			target = 7DBDA4382FE727B2004177C9 /* AssetsRackWidgetExtension */;
			targetProxy = 7DBDA44D2FE727B4004177C9 /* PBXContainerItemProxy */;
		};
/* End PBXTargetDependency section */

/* Begin XCBuildConfiguration section */
		7D2F871D2FB3D40700EF63A1 /* Debug */ = {
			isa = XCBuildConfiguration;
			buildSettings = {
				ALWAYS_SEARCH_USER_PATHS = NO;
				ASSETCATALOG_COMPILER_GENERATE_SWIFT_ASSET_SYMBOL_EXTENSIONS = YES;
				CLANG_ANALYZER_NONNULL = YES;
				CLANG_ANALYZER_NUMBER_OBJECT_CONVERSION = YES_AGGRESSIVE;
				CLANG_CXX_LANGUAGE_STANDARD = "gnu++20";
				CLANG_ENABLE_MODULES = YES;
				CLANG_ENABLE_OBJC_ARC = YES;
				CLANG_ENABLE_OBJC_WEAK = YES;
				CLANG_WARN_BLOCK_CAPTURE_AUTORELEASING = YES;
				CLANG_WARN_BOOL_CONVERSION = YES;
				CLANG_WARN_COMMA = YES;
				CLANG_WARN_CONSTANT_CONVERSION = YES;
				CLANG_WARN_DEPRECATED_OBJC_IMPLEMENTATIONS = YES;
				CLANG_WARN_DIRECT_OBJC_ISA_USAGE = YES_ERROR;
				CLANG_WARN_DOCUMENTATION_COMMENTS = YES;
				CLANG_WARN_EMPTY_BODY = YES;
				CLANG_WARN_ENUM_CONVERSION = YES;
				CLANG_WARN_INFINITE_RECURSION = YES;
				CLANG_WARN_INT_CONVERSION = YES;
				CLANG_WARN_NON_LITERAL_NULL_CONVERSION = YES;
				CLANG_WARN_OBJC_IMPLICIT_RETAIN_SELF = YES;
				CLANG_WARN_OBJC_LITERAL_CONVERSION = YES;
				CLANG_WARN_OBJC_ROOT_CLASS = YES_ERROR;
				CLANG_WARN_QUOTED_INCLUDE_IN_FRAMEWORK_HEADER = YES;
				CLANG_WARN_RANGE_LOOP_ANALYSIS = YES;
				CLANG_WARN_STRICT_PROTOTYPES = YES;
				CLANG_WARN_SUSPICIOUS_MOVE = YES;
				CLANG_WARN_UNGUARDED_AVAILABILITY = YES_AGGRESSIVE;
				CLANG_WARN_UNREACHABLE_CODE = YES;
				CLANG_WARN__DUPLICATE_METHOD_MATCH = YES;
				COPY_PHASE_STRIP = NO;
				DEBUG_INFORMATION_FORMAT = dwarf;
				ENABLE_STRICT_OBJC_MSGSEND = YES;
				ENABLE_TESTABILITY = YES;
				ENABLE_USER_SCRIPT_SANDBOXING = YES;
				GCC_C_LANGUAGE_STANDARD = gnu17;
				GCC_DYNAMIC_NO_PIC = NO;
				GCC_NO_COMMON_BLOCKS = YES;
				GCC_OPTIMIZATION_LEVEL = 0;
				GCC_PREPROCESSOR_DEFINITIONS = (
					"DEBUG=1",
					"$(inherited)",
				);
				GCC_WARN_64_TO_32_BIT_CONVERSION = YES;
				GCC_WARN_ABOUT_RETURN_TYPE = YES_ERROR;
				GCC_WARN_UNDECLARED_SELECTOR = YES;
				GCC_WARN_UNINITIALIZED_AUTOS = YES_AGGRESSIVE;
				GCC_WARN_UNUSED_FUNCTION = YES;
				GCC_WARN_UNUSED_VARIABLE = YES;
				IPHONEOS_DEPLOYMENT_TARGET = 18.2;
				LOCALIZATION_PREFERS_STRING_CATALOGS = YES;
				MTL_ENABLE_DEBUG_INFO = INCLUDE_SOURCE;
				MTL_FAST_MATH = YES;
				ONLY_ACTIVE_ARCH = YES;
				SDKROOT = iphoneos;
				SWIFT_ACTIVE_COMPILATION_CONDITIONS = "DEBUG $(inherited)";
				SWIFT_OPTIMIZATION_LEVEL = "-Onone";
			};
			name = Debug;
		};
		7D2F871E2FB3D40700EF63A1 /* Release */ = {
			isa = XCBuildConfiguration;
			buildSettings = {
				ALWAYS_SEARCH_USER_PATHS = NO;
				ASSETCATALOG_COMPILER_GENERATE_SWIFT_ASSET_SYMBOL_EXTENSIONS = YES;
				CLANG_ANALYZER_NONNULL = YES;
				CLANG_ANALYZER_NUMBER_OBJECT_CONVERSION = YES_AGGRESSIVE;
				CLANG_CXX_LANGUAGE_STANDARD = "gnu++20";
				CLANG_ENABLE_MODULES = YES;
				CLANG_ENABLE_OBJC_ARC = YES;
				CLANG_ENABLE_OBJC_WEAK = YES;
				CLANG_WARN_BLOCK_CAPTURE_AUTORELEASING = YES;
				CLANG_WARN_BOOL_CONVERSION = YES;
				CLANG_WARN_COMMA = YES;
				CLANG_WARN_CONSTANT_CONVERSION = YES;
				CLANG_WARN_DEPRECATED_OBJC_IMPLEMENTATIONS = YES;
				CLANG_WARN_DIRECT_OBJC_ISA_USAGE = YES_ERROR;
				CLANG_WARN_DOCUMENTATION_COMMENTS = YES;
				CLANG_WARN_EMPTY_BODY = YES;
				CLANG_WARN_ENUM_CONVERSION = YES;
				CLANG_WARN_INFINITE_RECURSION = YES;
				CLANG_WARN_INT_CONVERSION = YES;
				CLANG_WARN_NON_LITERAL_NULL_CONVERSION = YES;
				CLANG_WARN_OBJC_IMPLICIT_RETAIN_SELF = YES;
				CLANG_WARN_OBJC_LITERAL_CONVERSION = YES;
				CLANG_WARN_OBJC_ROOT_CLASS = YES_ERROR;
				CLANG_WARN_QUOTED_INCLUDE_IN_FRAMEWORK_HEADER = YES;
				CLANG_WARN_RANGE_LOOP_ANALYSIS = YES;
				CLANG_WARN_STRICT_PROTOTYPES = YES;
				CLANG_WARN_SUSPICIOUS_MOVE = YES;
				CLANG_WARN_UNGUARDED_AVAILABILITY = YES_AGGRESSIVE;
				CLANG_WARN_UNREACHABLE_CODE = YES;
				CLANG_WARN__DUPLICATE_METHOD_MATCH = YES;
				COPY_PHASE_STRIP = NO;
				DEBUG_INFORMATION_FORMAT = "dwarf-with-dsym";
				ENABLE_NS_ASSERTIONS = NO;
				ENABLE_STRICT_OBJC_MSGSEND = YES;
				ENABLE_USER_SCRIPT_SANDBOXING = YES;
				GCC_C_LANGUAGE_STANDARD = gnu17;
				GCC_NO_COMMON_BLOCKS = YES;
				GCC_WARN_64_TO_32_BIT_CONVERSION = YES;
				GCC_WARN_ABOUT_RETURN_TYPE = YES_ERROR;
				GCC_WARN_UNDECLARED_SELECTOR = YES;
				GCC_WARN_UNINITIALIZED_AUTOS = YES_AGGRESSIVE;
				GCC_WARN_UNUSED_FUNCTION = YES;
				GCC_WARN_UNUSED_VARIABLE = YES;
				IPHONEOS_DEPLOYMENT_TARGET = 18.2;
				LOCALIZATION_PREFERS_STRING_CATALOGS = YES;
				MTL_ENABLE_DEBUG_INFO = NO;
				MTL_FAST_MATH = YES;
				SDKROOT = iphoneos;
				SWIFT_COMPILATION_MODE = wholemodule;
				VALIDATE_PRODUCT = YES;
			};
			name = Release;
		};
		7D2F87202FB3D40700EF63A1 /* Debug */ = {
			isa = XCBuildConfiguration;
			buildSettings = {
				ASSETCATALOG_COMPILER_APPICON_NAME = AppIcon;
				ASSETCATALOG_COMPILER_GLOBAL_ACCENT_COLOR_NAME = AccentColor;
				CODE_SIGN_ENTITLEMENTS = AssetRack.entitlements;
				CODE_SIGN_IDENTITY = "Apple Development";
				CODE_SIGN_STYLE = Automatic;
				CURRENT_PROJECT_VERSION = 2;
				DEVELOPMENT_ASSET_PATHS = "\"AssetRack/Preview Content\"";
				DEVELOPMENT_TEAM = 8FAE3495C4;
				ENABLE_PREVIEWS = YES;
				GENERATE_INFOPLIST_FILE = YES;
				INFOPLIST_FILE = AssetRack/Info.plist;
				INFOPLIST_KEY_CFBundleDisplayName = "Assets Rack";
				INFOPLIST_KEY_ITSAppUsesNonExemptEncryption = NO;
				INFOPLIST_KEY_LSApplicationCategoryType = "public.app-category.finance";
				INFOPLIST_KEY_NSFaceIDUsageDescription = "AssetRack uses Face ID to keep your financial data private.";
				INFOPLIST_KEY_UIApplicationSceneManifest_Generation = YES;
				INFOPLIST_KEY_UIApplicationSupportsIndirectInputEvents = YES;
				INFOPLIST_KEY_UILaunchStoryboardName = LaunchScreen;
				INFOPLIST_KEY_UISupportedInterfaceOrientations_iPad = "UIInterfaceOrientationPortrait UIInterfaceOrientationPortraitUpsideDown UIInterfaceOrientationLandscapeLeft UIInterfaceOrientationLandscapeRight";
				INFOPLIST_KEY_UISupportedInterfaceOrientations_iPhone = "UIInterfaceOrientationPortrait UIInterfaceOrientationLandscapeLeft UIInterfaceOrientationLandscapeRight";
				LD_RUNPATH_SEARCH_PATHS = (
					"$(inherited)",
					"@executable_path/Frameworks",
				);
				MARKETING_VERSION = 1.0;
				PRODUCT_BUNDLE_IDENTIFIER = com.blackforestapps.assetsRack;
				PRODUCT_NAME = "$(TARGET_NAME)";
				PROVISIONING_PROFILE_SPECIFIER = "";
				SWIFT_EMIT_LOC_STRINGS = YES;
				SWIFT_VERSION = 5.0;
				TARGETED_DEVICE_FAMILY = "1,2";
			};
			name = Debug;
		};
		7D2F87212FB3D40700EF63A1 /* Release */ = {
			isa = XCBuildConfiguration;
			buildSettings = {
				ASSETCATALOG_COMPILER_APPICON_NAME = AppIcon;
				ASSETCATALOG_COMPILER_GLOBAL_ACCENT_COLOR_NAME = AccentColor;
				CODE_SIGN_ENTITLEMENTS = AssetRack.entitlements;
				CODE_SIGN_IDENTITY = "Apple Development";
				CODE_SIGN_STYLE = Automatic;
				CURRENT_PROJECT_VERSION = 2;
				DEVELOPMENT_ASSET_PATHS = "\"AssetRack/Preview Content\"";
				DEVELOPMENT_TEAM = 8FAE3495C4;
				ENABLE_PREVIEWS = YES;
				GENERATE_INFOPLIST_FILE = YES;
				INFOPLIST_FILE = AssetRack/Info.plist;
				INFOPLIST_KEY_CFBundleDisplayName = "Assets Rack";
				INFOPLIST_KEY_ITSAppUsesNonExemptEncryption = NO;
				INFOPLIST_KEY_LSApplicationCategoryType = "public.app-category.finance";
				INFOPLIST_KEY_NSFaceIDUsageDescription = "AssetRack uses Face ID to keep your financial data private.";
				INFOPLIST_KEY_UIApplicationSceneManifest_Generation = YES;
				INFOPLIST_KEY_UIApplicationSupportsIndirectInputEvents = YES;
				INFOPLIST_KEY_UILaunchStoryboardName = LaunchScreen;
				INFOPLIST_KEY_UISupportedInterfaceOrientations_iPad = "UIInterfaceOrientationPortrait UIInterfaceOrientationPortraitUpsideDown UIInterfaceOrientationLandscapeLeft UIInterfaceOrientationLandscapeRight";
				INFOPLIST_KEY_UISupportedInterfaceOrientations_iPhone = "UIInterfaceOrientationPortrait UIInterfaceOrientationLandscapeLeft UIInterfaceOrientationLandscapeRight";
				LD_RUNPATH_SEARCH_PATHS = (
					"$(inherited)",
					"@executable_path/Frameworks",
				);
				MARKETING_VERSION = 1.0;
				PRODUCT_BUNDLE_IDENTIFIER = com.blackforestapps.assetsRack;
				PRODUCT_NAME = "$(TARGET_NAME)";
				PROVISIONING_PROFILE_SPECIFIER = "";
				SWIFT_EMIT_LOC_STRINGS = YES;
				SWIFT_VERSION = 5.0;
				TARGETED_DEVICE_FAMILY = "1,2";
			};
			name = Release;
		};
		7D2F87232FB3D40700EF63A1 /* Debug */ = {
			isa = XCBuildConfiguration;
			buildSettings = {
				BUNDLE_LOADER = "$(TEST_HOST)";
				CODE_SIGN_STYLE = Automatic;
				CURRENT_PROJECT_VERSION = 2;
				GENERATE_INFOPLIST_FILE = YES;
				IPHONEOS_DEPLOYMENT_TARGET = 18.2;
				MARKETING_VERSION = 1.0;
				PRODUCT_BUNDLE_IDENTIFIER = com.blackforestapps.AssetRackTests;
				PRODUCT_NAME = "$(TARGET_NAME)";
				SWIFT_EMIT_LOC_STRINGS = NO;
				SWIFT_VERSION = 5.0;
				TARGETED_DEVICE_FAMILY = "1,2";
				TEST_HOST = "$(BUILT_PRODUCTS_DIR)/AssetRack.app/$(BUNDLE_EXECUTABLE_FOLDER_PATH)/AssetRack";
			};
			name = Debug;
		};
		7D2F87242FB3D40700EF63A1 /* Release */ = {
			isa = XCBuildConfiguration;
			buildSettings = {
				BUNDLE_LOADER = "$(TEST_HOST)";
				CODE_SIGN_STYLE = Automatic;
				CURRENT_PROJECT_VERSION = 2;
				GENERATE_INFOPLIST_FILE = YES;
				IPHONEOS_DEPLOYMENT_TARGET = 18.2;
				MARKETING_VERSION = 1.0;
				PRODUCT_BUNDLE_IDENTIFIER = com.blackforestapps.AssetRackTests;
				PRODUCT_NAME = "$(TARGET_NAME)";
				SWIFT_EMIT_LOC_STRINGS = NO;
				SWIFT_VERSION = 5.0;
				TARGETED_DEVICE_FAMILY = "1,2";
				TEST_HOST = "$(BUILT_PRODUCTS_DIR)/AssetRack.app/$(BUNDLE_EXECUTABLE_FOLDER_PATH)/AssetRack";
			};
			name = Release;
		};
		7D2F87262FB3D40700EF63A1 /* Debug */ = {
			isa = XCBuildConfiguration;
			buildSettings = {
				CODE_SIGN_STYLE = Automatic;
				CURRENT_PROJECT_VERSION = 2;
				GENERATE_INFOPLIST_FILE = YES;
				MARKETING_VERSION = 1.0;
				PRODUCT_BUNDLE_IDENTIFIER = com.blackforestapps.AssetRackUITests;
				PRODUCT_NAME = "$(TARGET_NAME)";
				SWIFT_EMIT_LOC_STRINGS = NO;
				SWIFT_VERSION = 5.0;
				TARGETED_DEVICE_FAMILY = "1,2";
				TEST_TARGET_NAME = AssetRack;
			};
			name = Debug;
		};
		7D2F87272FB3D40700EF63A1 /* Release */ = {
			isa = XCBuildConfiguration;
			buildSettings = {
				CODE_SIGN_STYLE = Automatic;
				CURRENT_PROJECT_VERSION = 2;
				GENERATE_INFOPLIST_FILE = YES;
				MARKETING_VERSION = 1.0;
				PRODUCT_BUNDLE_IDENTIFIER = com.blackforestapps.AssetRackUITests;
				PRODUCT_NAME = "$(TARGET_NAME)";
				SWIFT_EMIT_LOC_STRINGS = NO;
				SWIFT_VERSION = 5.0;
				TARGETED_DEVICE_FAMILY = "1,2";
				TEST_TARGET_NAME = AssetRack;
			};
			name = Release;
		};
		7DBDA4522FE727B4004177C9 /* Debug */ = {
			isa = XCBuildConfiguration;
			buildSettings = {
				ASSETCATALOG_COMPILER_GLOBAL_ACCENT_COLOR_NAME = AccentColor;
				ASSETCATALOG_COMPILER_WIDGET_BACKGROUND_COLOR_NAME = WidgetBackground;
				CODE_SIGN_ENTITLEMENTS = AssetsRackWidgetExtension.entitlements;
				CODE_SIGN_IDENTITY = "Apple Development";
				CODE_SIGN_STYLE = Automatic;
				CURRENT_PROJECT_VERSION = 1;
				DEVELOPMENT_TEAM = 8FAE3495C4;
				GENERATE_INFOPLIST_FILE = YES;
				INFOPLIST_FILE = AssetsRackWidget/Info.plist;
				INFOPLIST_KEY_CFBundleDisplayName = AssetsRackWidget;
				INFOPLIST_KEY_NSHumanReadableCopyright = "";
				LD_RUNPATH_SEARCH_PATHS = (
					"$(inherited)",
					"@executable_path/Frameworks",
					"@executable_path/../../Frameworks",
				);
				MARKETING_VERSION = 1.0;
				PRODUCT_BUNDLE_IDENTIFIER = com.blackforestapps.assetsRack.NetWorthWidget;
				PRODUCT_NAME = "$(TARGET_NAME)";
				SKIP_INSTALL = YES;
				SWIFT_EMIT_LOC_STRINGS = YES;
				SWIFT_VERSION = 5.0;
				TARGETED_DEVICE_FAMILY = "1,2";
			};
			name = Debug;
		};
		7DBDA4532FE727B4004177C9 /* Release */ = {
			isa = XCBuildConfiguration;
			buildSettings = {
				ASSETCATALOG_COMPILER_GLOBAL_ACCENT_COLOR_NAME = AccentColor;
				ASSETCATALOG_COMPILER_WIDGET_BACKGROUND_COLOR_NAME = WidgetBackground;
				CODE_SIGN_ENTITLEMENTS = AssetsRackWidgetExtension.entitlements;
				CODE_SIGN_IDENTITY = "Apple Development";
				CODE_SIGN_STYLE = Automatic;
				CURRENT_PROJECT_VERSION = 1;
				DEVELOPMENT_TEAM = 8FAE3495C4;
				GENERATE_INFOPLIST_FILE = YES;
				INFOPLIST_FILE = AssetsRackWidget/Info.plist;
				INFOPLIST_KEY_CFBundleDisplayName = AssetsRackWidget;
				INFOPLIST_KEY_NSHumanReadableCopyright = "";
				LD_RUNPATH_SEARCH_PATHS = (
					"$(inherited)",
					"@executable_path/Frameworks",
					"@executable_path/../../Frameworks",
				);
				MARKETING_VERSION = 1.0;
				PRODUCT_BUNDLE_IDENTIFIER = com.blackforestapps.assetsRack.NetWorthWidget;
				PRODUCT_NAME = "$(TARGET_NAME)";
				SKIP_INSTALL = YES;
				SWIFT_EMIT_LOC_STRINGS = YES;
				SWIFT_VERSION = 5.0;
				TARGETED_DEVICE_FAMILY = "1,2";
			};
			name = Release;
		};
/* End XCBuildConfiguration section */

/* Begin XCConfigurationList section */
		7D2F86F42FB3D40400EF63A1 /* Build configuration list for PBXProject "AssetRack" */ = {
			isa = XCConfigurationList;
			buildConfigurations = (
				7D2F871D2FB3D40700EF63A1 /* Debug */,
				7D2F871E2FB3D40700EF63A1 /* Release */,
			);
			defaultConfigurationIsVisible = 0;
			defaultConfigurationName = Release;
		};
		7D2F871F2FB3D40700EF63A1 /* Build configuration list for PBXNativeTarget "AssetRack" */ = {
			isa = XCConfigurationList;
			buildConfigurations = (
				7D2F87202FB3D40700EF63A1 /* Debug */,
				7D2F87212FB3D40700EF63A1 /* Release */,
			);
			defaultConfigurationIsVisible = 0;
			defaultConfigurationName = Release;
		};
		7D2F87222FB3D40700EF63A1 /* Build configuration list for PBXNativeTarget "AssetRackTests" */ = {
			isa = XCConfigurationList;
			buildConfigurations = (
				7D2F87232FB3D40700EF63A1 /* Debug */,
				7D2F87242FB3D40700EF63A1 /* Release */,
			);
			defaultConfigurationIsVisible = 0;
			defaultConfigurationName = Release;
		};
		7D2F87252FB3D40700EF63A1 /* Build configuration list for PBXNativeTarget "AssetRackUITests" */ = {
			isa = XCConfigurationList;
			buildConfigurations = (
				7D2F87262FB3D40700EF63A1 /* Debug */,
				7D2F87272FB3D40700EF63A1 /* Release */,
			);
			defaultConfigurationIsVisible = 0;
			defaultConfigurationName = Release;
		};
		7DBDA4512FE727B4004177C9 /* Build configuration list for PBXNativeTarget "AssetsRackWidgetExtension" */ = {
			isa = XCConfigurationList;
			buildConfigurations = (
				7DBDA4522FE727B4004177C9 /* Debug */,
				7DBDA4532FE727B4004177C9 /* Release */,
			);
			defaultConfigurationIsVisible = 0;
			defaultConfigurationName = Release;
		};
/* End XCConfigurationList section */
	};
	rootObject = 7D2F86F12FB3D40400EF63A1 /* Project object */;
}
